// !$*UTF8*$!
{
	archiveVersion = 1;
	classes = {
	};
	objectVersion = 56;
	objects = {

/* Begin PBXBuildFile section */
		800865AA2A39D61F00C2911A /* NewroomCollectionViewCell.swift in Sources */ = {isa = PBXBuildFile; fileRef = 800865A82A39D61F00C2911A /* NewroomCollectionViewCell.swift */; };
		800865AB2A39D61F00C2911A /* NewroomCollectionViewCell.xib in Resources */ = {isa = PBXBuildFile; fileRef = 800865A92A39D61F00C2911A /* NewroomCollectionViewCell.xib */; };
		80509C392A752946004BA274 /* MainroomViewController.swift in Sources */ = {isa = PBXBuildFile; fileRef = 80509C382A752946004BA274 /* MainroomViewController.swift */; };
		807A35722A95A74B00C8E0CF /* GoogleService-Info.plist in Resources */ = {isa = PBXBuildFile; fileRef = 807A35712A95A74B00C8E0CF /* GoogleService-Info.plist */; };
		808067892A9268B2002A08E9 /* LoginViewController.swift in Sources */ = {isa = PBXBuildFile; fileRef = 808067882A9268B2002A08E9 /* LoginViewController.swift */; };
		8080678B2A9268D5002A08E9 /* SignUpViewController.swift in Sources */ = {isa = PBXBuildFile; fileRef = 8080678A2A9268D5002A08E9 /* SignUpViewController.swift */; };
		8080678D2A9268F7002A08E9 /* Login.storyboard in Resources */ = {isa = PBXBuildFile; fileRef = 8080678C2A9268F7002A08E9 /* Login.storyboard */; };
		8080678F2A93A1CB002A08E9 /* SettingViewController.swift in Sources */ = {isa = PBXBuildFile; fileRef = 8080678E2A93A1CB002A08E9 /* SettingViewController.swift */; };
		808067912A93AEBF002A08E9 /* UpdateAccountViewController.swift in Sources */ = {isa = PBXBuildFile; fileRef = 808067902A93AEBF002A08E9 /* UpdateAccountViewController.swift */; };
		808067932A945092002A08E9 /* UserManager.swift in Sources */ = {isa = PBXBuildFile; fileRef = 808067922A945092002A08E9 /* UserManager.swift */; };
		80AC36E72A2202C500864C88 /* AppDelegate.swift in Sources */ = {isa = PBXBuildFile; fileRef = 80AC36E62A2202C500864C88 /* AppDelegate.swift */; };
		80AC36E92A2202C500864C88 /* SceneDelegate.swift in Sources */ = {isa = PBXBuildFile; fileRef = 80AC36E82A2202C500864C88 /* SceneDelegate.swift */; };
		80AC36EB2A2202C500864C88 /* TopmenuViewController.swift in Sources */ = {isa = PBXBuildFile; fileRef = 80AC36EA2A2202C500864C88 /* TopmenuViewController.swift */; };
		80AC36EE2A2202C500864C88 /* Main.storyboard in Resources */ = {isa = PBXBuildFile; fileRef = 80AC36EC2A2202C500864C88 /* Main.storyboard */; };
		80AC36F02A2202CA00864C88 /* Assets.xcassets in Resources */ = {isa = PBXBuildFile; fileRef = 80AC36EF2A2202CA00864C88 /* Assets.xcassets */; };
		80AC36F32A2202CA00864C88 /* LaunchScreen.storyboard in Resources */ = {isa = PBXBuildFile; fileRef = 80AC36F12A2202CA00864C88 /* LaunchScreen.storyboard */; };
		80AC36FD2A24277E00864C88 /* NewroomViewController.swift in Sources */ = {isa = PBXBuildFile; fileRef = 80AC36FC2A24277E00864C88 /* NewroomViewController.swift */; };
		80AC36FF2A274C2F00864C88 /* roomdata.swift in Sources */ = {isa = PBXBuildFile; fileRef = 80AC36FE2A274C2F00864C88 /* roomdata.swift */; };
		80AC37012A27520F00864C88 /* DetailViewController.swift in Sources */ = {isa = PBXBuildFile; fileRef = 80AC37002A27520F00864C88 /* DetailViewController.swift */; };
		80AC37062A30979A00864C88 /* TopmenuCollectionViewCell.swift in Sources */ = {isa = PBXBuildFile; fileRef = 80AC37042A30979A00864C88 /* TopmenuCollectionViewCell.swift */; };
		80AC37072A30979A00864C88 /* TopmenuCollectionViewCell.xib in Resources */ = {isa = PBXBuildFile; fileRef = 80AC37052A30979A00864C88 /* TopmenuCollectionViewCell.xib */; };
		80D4923C2A8CF53B00936E2D /* ResultViewController.swift in Sources */ = {isa = PBXBuildFile; fileRef = 80D4923B2A8CF53B00936E2D /* ResultViewController.swift */; };
		80D4923E2A8CF9BC00936E2D /* GooglePlacesManager.swift in Sources */ = {isa = PBXBuildFile; fileRef = 80D4923D2A8CF9BC00936E2D /* GooglePlacesManager.swift */; };
		80EBE2172A94B49F0025C102 /* UserDataStoreViewController.swift in Sources */ = {isa = PBXBuildFile; fileRef = 80EBE2162A94B49F0025C102 /* UserDataStoreViewController.swift */; };
		80EBE21D2A94FE080025C102 /* CustomInfoWindow.xib in Resources */ = {isa = PBXBuildFile; fileRef = 80EBE21C2A94FE080025C102 /* CustomInfoWindow.xib */; };
		80EBE21F2A94FEB80025C102 /* CustomInfoWindow.swift in Sources */ = {isa = PBXBuildFile; fileRef = 80EBE21E2A94FEB80025C102 /* CustomInfoWindow.swift */; };
		E959D16A217B3C587BC2D20C /* Pods_friendmap.framework in Frameworks */ = {isa = PBXBuildFile; fileRef = 9BF08C483934D8D936FFA12E /* Pods_friendmap.framework */; };
/* End PBXBuildFile section */

/* Begin PBXFileReference section */
		800865A82A39D61F00C2911A /* NewroomCollectionViewCell.swift */ = {isa = PBXFileReference; lastKnownFileType = sourcecode.swift; path = NewroomCollectionViewCell.swift; sourceTree = "<group>"; };
		800865A92A39D61F00C2911A /* NewroomCollectionViewCell.xib */ = {isa = PBXFileReference; lastKnownFileType = file.xib; path = NewroomCollectionViewCell.xib; sourceTree = "<group>"; };
		80509C382A752946004BA274 /* MainroomViewController.swift */ = {isa = PBXFileReference; lastKnownFileType = sourcecode.swift; path = MainroomViewController.swift; sourceTree = "<group>"; };
		807A35712A95A74B00C8E0CF /* GoogleService-Info.plist */ = {isa = PBXFileReference; fileEncoding = 4; lastKnownFileType = text.plist.xml; path = "GoogleService-Info.plist"; sourceTree = "<group>"; };
		808067882A9268B2002A08E9 /* LoginViewController.swift */ = {isa = PBXFileReference; lastKnownFileType = sourcecode.swift; path = LoginViewController.swift; sourceTree = "<group>"; };
		8080678A2A9268D5002A08E9 /* SignUpViewController.swift */ = {isa = PBXFileReference; lastKnownFileType = sourcecode.swift; path = SignUpViewController.swift; sourceTree = "<group>"; };
		8080678C2A9268F7002A08E9 /* Login.storyboard */ = {isa = PBXFileReference; lastKnownFileType = file.storyboard; path = Login.storyboard; sourceTree = "<group>"; };
		8080678E2A93A1CB002A08E9 /* SettingViewController.swift */ = {isa = PBXFileReference; lastKnownFileType = sourcecode.swift; path = SettingViewController.swift; sourceTree = "<group>"; };
		808067902A93AEBF002A08E9 /* UpdateAccountViewController.swift */ = {isa = PBXFileReference; lastKnownFileType = sourcecode.swift; path = UpdateAccountViewController.swift; sourceTree = "<group>"; };
		808067922A945092002A08E9 /* UserManager.swift */ = {isa = PBXFileReference; lastKnownFileType = sourcecode.swift; path = UserManager.swift; sourceTree = "<group>"; };
		80AC36E32A2202C500864C88 /* friendmap.app */ = {isa = PBXFileReference; explicitFileType = wrapper.application; includeInIndex = 0; path = friendmap.app; sourceTree = BUILT_PRODUCTS_DIR; };
		80AC36E62A2202C500864C88 /* AppDelegate.swift */ = {isa = PBXFileReference; lastKnownFileType = sourcecode.swift; path = AppDelegate.swift; sourceTree = "<group>"; };
		80AC36E82A2202C500864C88 /* SceneDelegate.swift */ = {isa = PBXFileReference; lastKnownFileType = sourcecode.swift; path = SceneDelegate.swift; sourceTree = "<group>"; };
		80AC36EA2A2202C500864C88 /* TopmenuViewController.swift */ = {isa = PBXFileReference; lastKnownFileType = sourcecode.swift; path = TopmenuViewController.swift; sourceTree = "<group>"; };
		80AC36ED2A2202C500864C88 /* Base */ = {isa = PBXFileReference; lastKnownFileType = file.storyboard; name = Base; path = Base.lproj/Main.storyboard; sourceTree = "<group>"; };
		80AC36EF2A2202CA00864C88 /* Assets.xcassets */ = {isa = PBXFileReference; lastKnownFileType = folder.assetcatalog; path = Assets.xcassets; sourceTree = "<group>"; };
		80AC36F22A2202CA00864C88 /* Base */ = {isa = PBXFileReference; lastKnownFileType = file.storyboard; name = Base; path = Base.lproj/LaunchScreen.storyboard; sourceTree = "<group>"; };
		80AC36F42A2202CA00864C88 /* Info.plist */ = {isa = PBXFileReference; lastKnownFileType = text.plist.xml; path = Info.plist; sourceTree = "<group>"; };
		80AC36FC2A24277E00864C88 /* NewroomViewController.swift */ = {isa = PBXFileReference; lastKnownFileType = sourcecode.swift; path = NewroomViewController.swift; sourceTree = "<group>"; };
		80AC36FE2A274C2F00864C88 /* roomdata.swift */ = {isa = PBXFileReference; lastKnownFileType = sourcecode.swift; path = roomdata.swift; sourceTree = "<group>"; };
		80AC37002A27520F00864C88 /* DetailViewController.swift */ = {isa = PBXFileReference; lastKnownFileType = sourcecode.swift; path = DetailViewController.swift; sourceTree = "<group>"; };
		80AC37042A30979A00864C88 /* TopmenuCollectionViewCell.swift */ = {isa = PBXFileReference; lastKnownFileType = sourcecode.swift; path = TopmenuCollectionViewCell.swift; sourceTree = "<group>"; };
		80AC37052A30979A00864C88 /* TopmenuCollectionViewCell.xib */ = {isa = PBXFileReference; lastKnownFileType = file.xib; path = TopmenuCollectionViewCell.xib; sourceTree = "<group>"; };
		80D4923B2A8CF53B00936E2D /* ResultViewController.swift */ = {isa = PBXFileReference; lastKnownFileType = sourcecode.swift; path = ResultViewController.swift; sourceTree = "<group>"; };
		80D4923D2A8CF9BC00936E2D /* GooglePlacesManager.swift */ = {isa = PBXFileReference; lastKnownFileType = sourcecode.swift; path = GooglePlacesManager.swift; sourceTree = "<group>"; };
		80EBE2162A94B49F0025C102 /* UserDataStoreViewController.swift */ = {isa = PBXFileReference; lastKnownFileType = sourcecode.swift; path = UserDataStoreViewController.swift; sourceTree = "<group>"; };
		80EBE21C2A94FE080025C102 /* CustomInfoWindow.xib */ = {isa = PBXFileReference; lastKnownFileType = file.xib; path = CustomInfoWindow.xib; sourceTree = "<group>"; };
		80EBE21E2A94FEB80025C102 /* CustomInfoWindow.swift */ = {isa = PBXFileReference; lastKnownFileType = sourcecode.swift; path = CustomInfoWindow.swift; sourceTree = "<group>"; };
		8EACD4962B92DF5ADB36A5B9 /* Pods-friendmap.debug.xcconfig */ = {isa = PBXFileReference; includeInIndex = 1; lastKnownFileType = text.xcconfig; name = "Pods-friendmap.debug.xcconfig"; path = "Target Support Files/Pods-friendmap/Pods-friendmap.debug.xcconfig"; sourceTree = "<group>"; };
		9BF08C483934D8D936FFA12E /* Pods_friendmap.framework */ = {isa = PBXFileReference; explicitFileType = wrapper.framework; includeInIndex = 0; path = Pods_friendmap.framework; sourceTree = BUILT_PRODUCTS_DIR; };
		D2EB33133AAFB8FD8660D369 /* Pods-friendmap.release.xcconfig */ = {isa = PBXFileReference; includeInIndex = 1; lastKnownFileType = text.xcconfig; name = "Pods-friendmap.release.xcconfig"; path = "Target Support Files/Pods-friendmap/Pods-friendmap.release.xcconfig"; sourceTree = "<group>"; };
/* End PBXFileReference section */

/* Begin PBXFrameworksBuildPhase section */
		80AC36E02A2202C500864C88 /* Frameworks */ = {
			isa = PBXFrameworksBuildPhase;
			buildActionMask = 2147483647;
			files = (
				E959D16A217B3C587BC2D20C /* Pods_friendmap.framework in Frameworks */,
			);
			runOnlyForDeploymentPostprocessing = 0;
		};
/* End PBXFrameworksBuildPhase section */

/* Begin PBXGroup section */
		808067872A92686F002A08E9 /* Login */ = {
			isa = PBXGroup;
			children = (
				808067882A9268B2002A08E9 /* LoginViewController.swift */,
				8080678A2A9268D5002A08E9 /* SignUpViewController.swift */,
				8080678C2A9268F7002A08E9 /* Login.storyboard */,
			);
			path = Login;
			sourceTree = "<group>";
		};
		80AC36DA2A2202C500864C88 = {
			isa = PBXGroup;
			children = (
				80AC36E52A2202C500864C88 /* friendmap */,
				80AC36E42A2202C500864C88 /* Products */,
				8341A816F8891F7FBED6D27B /* Pods */,
				91A42006FBF97E9431A70661 /* Frameworks */,
			);
			sourceTree = "<group>";
		};
		80AC36E42A2202C500864C88 /* Products */ = {
			isa = PBXGroup;
			children = (
				80AC36E32A2202C500864C88 /* friendmap.app */,
			);
			name = Products;
			sourceTree = "<group>";
		};
		80AC36E52A2202C500864C88 /* friendmap */ = {
			isa = PBXGroup;
			children = (
				80AC36E62A2202C500864C88 /* AppDelegate.swift */,
				80AC36E82A2202C500864C88 /* SceneDelegate.swift */,
				80AC36EA2A2202C500864C88 /* TopmenuViewController.swift */,
				80AC37042A30979A00864C88 /* TopmenuCollectionViewCell.swift */,
				80509C382A752946004BA274 /* MainroomViewController.swift */,
				80AC36FC2A24277E00864C88 /* NewroomViewController.swift */,
				800865A82A39D61F00C2911A /* NewroomCollectionViewCell.swift */,
				80AC37002A27520F00864C88 /* DetailViewController.swift */,
				80D4923B2A8CF53B00936E2D /* ResultViewController.swift */,
				8080678E2A93A1CB002A08E9 /* SettingViewController.swift */,
				808067902A93AEBF002A08E9 /* UpdateAccountViewController.swift */,
				80EBE2162A94B49F0025C102 /* UserDataStoreViewController.swift */,
				80D4923D2A8CF9BC00936E2D /* GooglePlacesManager.swift */,
				80AC36FE2A274C2F00864C88 /* roomdata.swift */,
				808067922A945092002A08E9 /* UserManager.swift */,
				80AC36EC2A2202C500864C88 /* Main.storyboard */,
				80EBE21C2A94FE080025C102 /* CustomInfoWindow.xib */,
				80EBE21E2A94FEB80025C102 /* CustomInfoWindow.swift */,
				80AC37052A30979A00864C88 /* TopmenuCollectionViewCell.xib */,
				800865A92A39D61F00C2911A /* NewroomCollectionViewCell.xib */,
				80AC36EF2A2202CA00864C88 /* Assets.xcassets */,
				80AC36F12A2202CA00864C88 /* LaunchScreen.storyboard */,
				808067872A92686F002A08E9 /* Login */,
				80AC36F42A2202CA00864C88 /* Info.plist */,
				807A35712A95A74B00C8E0CF /* GoogleService-Info.plist */,
			);
			path = friendmap;
			sourceTree = "<group>";
		};
		8341A816F8891F7FBED6D27B /* Pods */ = {
			isa = PBXGroup;
			children = (
				8EACD4962B92DF5ADB36A5B9 /* Pods-friendmap.debug.xcconfig */,
				D2EB33133AAFB8FD8660D369 /* Pods-friendmap.release.xcconfig */,
			);
			path = Pods;
			sourceTree = "<group>";
		};
		91A42006FBF97E9431A70661 /* Frameworks */ = {
			isa = PBXGroup;
			children = (
				9BF08C483934D8D936FFA12E /* Pods_friendmap.framework */,
			);
			name = Frameworks;
			sourceTree = "<group>";
		};
/* End PBXGroup section */

/* Begin PBXNativeTarget section */
		80AC36E22A2202C500864C88 /* friendmap */ = {
			isa = PBXNativeTarget;
			buildConfigurationList = 80AC36F72A2202CA00864C88 /* Build configuration list for PBXNativeTarget "friendmap" */;
			buildPhases = (
				1208055CEA66C641F3D33C79 /* [CP] Check Pods Manifest.lock */,
				80AC36DF2A2202C500864C88 /* Sources */,
				80AC36E02A2202C500864C88 /* Frameworks */,
				80AC36E12A2202C500864C88 /* Resources */,
				70E9543318E26695E5F9492D /* [CP] Copy Pods Resources */,
				3FF299EE8D43611F555B1FF5 /* [CP] Embed Pods Frameworks */,
			);
			buildRules = (
			);
			dependencies = (
			);
			name = friendmap;
			productName = friendmap;
			productReference = 80AC36E32A2202C500864C88 /* friendmap.app */;
			productType = "com.apple.product-type.application";
		};
/* End PBXNativeTarget section */

/* Begin PBXProject section */
		80AC36DB2A2202C500864C88 /* Project object */ = {
			isa = PBXProject;
			attributes = {
				BuildIndependentTargetsInParallel = 1;
				LastSwiftUpdateCheck = 1420;
				LastUpgradeCheck = 1420;
				TargetAttributes = {
					80AC36E22A2202C500864C88 = {
						CreatedOnToolsVersion = 14.2;
					};
				};
			};
			buildConfigurationList = 80AC36DE2A2202C500864C88 /* Build configuration list for PBXProject "friendmap" */;
			compatibilityVersion = "Xcode 14.0";
			developmentRegion = en;
			hasScannedForEncodings = 0;
			knownRegions = (
				en,
				Base,
			);
			mainGroup = 80AC36DA2A2202C500864C88;
			productRefGroup = 80AC36E42A2202C500864C88 /* Products */;
			projectDirPath = "";
			projectRoot = "";
			targets = (
				80AC36E22A2202C500864C88 /* friendmap */,
			);
		};
/* End PBXProject section */

/* Begin PBXResourcesBuildPhase section */
		80AC36E12A2202C500864C88 /* Resources */ = {
			isa = PBXResourcesBuildPhase;
			buildActionMask = 2147483647;
			files = (
				80AC36F32A2202CA00864C88 /* LaunchScreen.storyboard in Resources */,
				807A35722A95A74B00C8E0CF /* GoogleService-Info.plist in Resources */,
				800865AB2A39D61F00C2911A /* NewroomCollectionViewCell.xib in Resources */,
				8080678D2A9268F7002A08E9 /* Login.storyboard in Resources */,
				80AC37072A30979A00864C88 /* TopmenuCollectionViewCell.xib in Resources */,
				80EBE21D2A94FE080025C102 /* CustomInfoWindow.xib in Resources */,
				80AC36F02A2202CA00864C88 /* Assets.xcassets in Resources */,
				80AC36EE2A2202C500864C88 /* Main.storyboard in Resources */,
			);
			runOnlyForDeploymentPostprocessing = 0;
		};
/* End PBXResourcesBuildPhase section */

/* Begin PBXShellScriptBuildPhase section */
		1208055CEA66C641F3D33C79 /* [CP] Check Pods Manifest.lock */ = {
			isa = PBXShellScriptBuildPhase;
			buildActionMask = 2147483647;
			files = (
			);
			inputFileListPaths = (
			);
			inputPaths = (
				"${PODS_PODFILE_DIR_PATH}/Podfile.lock",
				"${PODS_ROOT}/Manifest.lock",
			);
			name = "[CP] Check Pods Manifest.lock";
			outputFileListPaths = (
			);
			outputPaths = (
				"$(DERIVED_FILE_DIR)/Pods-friendmap-checkManifestLockResult.txt",
			);
			runOnlyForDeploymentPostprocessing = 0;
			shellPath = /bin/sh;
			shellScript = "diff \"${PODS_PODFILE_DIR_PATH}/Podfile.lock\" \"${PODS_ROOT}/Manifest.lock\" > /dev/null\nif [ $? != 0 ] ; then\n    # print error to STDERR\n    echo \"error: The sandbox is not in sync with the Podfile.lock. Run 'pod install' or update your CocoaPods installation.\" >&2\n    exit 1\nfi\n# This output is used by Xcode 'outputs' to avoid re-running this script phase.\necho \"SUCCESS\" > \"${SCRIPT_OUTPUT_FILE_0}\"\n";
			showEnvVarsInLog = 0;
		};
		3FF299EE8D43611F555B1FF5 /* [CP] Embed Pods Frameworks */ = {
			isa = PBXShellScriptBuildPhase;
			buildActionMask = 2147483647;
			files = (
			);
			inputFileListPaths = (
				"${PODS_ROOT}/Target Support Files/Pods-friendmap/Pods-friendmap-frameworks-${CONFIGURATION}-input-files.xcfilelist",
			);
			name = "[CP] Embed Pods Frameworks";
			outputFileListPaths = (
				"${PODS_ROOT}/Target Support Files/Pods-friendmap/Pods-friendmap-frameworks-${CONFIGURATION}-output-files.xcfilelist",
			);
			runOnlyForDeploymentPostprocessing = 0;
			shellPath = /bin/sh;
			shellScript = "\"${PODS_ROOT}/Target Support Files/Pods-friendmap/Pods-friendmap-frameworks.sh\"\n";
			showEnvVarsInLog = 0;
		};
		70E9543318E26695E5F9492D /* [CP] Copy Pods Resources */ = {
			isa = PBXShellScriptBuildPhase;
			buildActionMask = 2147483647;
			files = (
			);
			inputFileListPaths = (
				"${PODS_ROOT}/Target Support Files/Pods-friendmap/Pods-friendmap-resources-${CONFIGURATION}-input-files.xcfilelist",
			);
			name = "[CP] Copy Pods Resources";
			outputFileListPaths = (
				"${PODS_ROOT}/Target Support Files/Pods-friendmap/Pods-friendmap-resources-${CONFIGURATION}-output-files.xcfilelist",
			);
			runOnlyForDeploymentPostprocessing = 0;
			shellPath = /bin/sh;
			shellScript = "\"${PODS_ROOT}/Target Support Files/Pods-friendmap/Pods-friendmap-resources.sh\"\n";
			showEnvVarsInLog = 0;
		};
/* End PBXShellScriptBuildPhase section */

/* Begin PBXSourcesBuildPhase section */
		80AC36DF2A2202C500864C88 /* Sources */ = {
			isa = PBXSourcesBuildPhase;
			buildActionMask = 2147483647;
			files = (
				800865AA2A39D61F00C2911A /* NewroomCollectionViewCell.swift in Sources */,
				80D4923E2A8CF9BC00936E2D /* GooglePlacesManager.swift in Sources */,
				80AC36FD2A24277E00864C88 /* NewroomViewController.swift in Sources */,
				80AC36EB2A2202C500864C88 /* TopmenuViewController.swift in Sources */,
				80EBE21F2A94FEB80025C102 /* CustomInfoWindow.swift in Sources */,
				80AC36FF2A274C2F00864C88 /* roomdata.swift in Sources */,
				8080678F2A93A1CB002A08E9 /* SettingViewController.swift in Sources */,
				808067932A945092002A08E9 /* UserManager.swift in Sources */,
				80AC37012A27520F00864C88 /* DetailViewController.swift in Sources */,
				80D4923C2A8CF53B00936E2D /* ResultViewController.swift in Sources */,
				8080678B2A9268D5002A08E9 /* SignUpViewController.swift in Sources */,
				80AC36E72A2202C500864C88 /* AppDelegate.swift in Sources */,
				80AC36E92A2202C500864C88 /* SceneDelegate.swift in Sources */,
				80AC37062A30979A00864C88 /* TopmenuCollectionViewCell.swift in Sources */,
				808067892A9268B2002A08E9 /* LoginViewController.swift in Sources */,
				80509C392A752946004BA274 /* MainroomViewController.swift in Sources */,
				808067912A93AEBF002A08E9 /* UpdateAccountViewController.swift in Sources */,
				80EBE2172A94B49F0025C102 /* UserDataStoreViewController.swift in Sources */,
			);
			runOnlyForDeploymentPostprocessing = 0;
		};
/* End PBXSourcesBuildPhase section */

/* Begin PBXVariantGroup section */
		80AC36EC2A2202C500864C88 /* Main.storyboard */ = {
			isa = PBXVariantGroup;
			children = (
				80AC36ED2A2202C500864C88 /* Base */,
			);
			name = Main.storyboard;
			sourceTree = "<group>";
		};
		80AC36F12A2202CA00864C88 /* LaunchScreen.storyboard */ = {
			isa = PBXVariantGroup;
			children = (
				80AC36F22A2202CA00864C88 /* Base */,
			);
			name = LaunchScreen.storyboard;
			sourceTree = "<group>";
		};
/* End PBXVariantGroup section */

/* Begin XCBuildConfiguration section */
		80AC36F52A2202CA00864C88 /* Debug */ = {
			isa = XCBuildConfiguration;
			buildSettings = {
				ALWAYS_SEARCH_USER_PATHS = NO;
				CLANG_ANALYZER_NONNULL = YES;
				CLANG_ANALYZER_NUMBER_OBJECT_CONVERSION = YES_AGGRESSIVE;
				CLANG_CXX_LANGUAGE_STANDARD = "gnu++20";
				CLANG_ENABLE_MODULES = YES;
				CLANG_ENABLE_OBJC_ARC = YES;
				CLANG_ENABLE_OBJC_WEAK = YES;
				CLANG_WARN_BLOCK_CAPTURE_AUTORELEASING = YES;
				CLANG_WARN_BOOL_CONVERSION = YES;
				CLANG_WARN_COMMA = YES;
				CLANG_WARN_CONSTANT_CONVERSION = YES;
				CLANG_WARN_DEPRECATED_OBJC_IMPLEMENTATIONS = YES;
				CLANG_WARN_DIRECT_OBJC_ISA_USAGE = YES_ERROR;
				CLANG_WARN_DOCUMENTATION_COMMENTS = YES;
				CLANG_WARN_EMPTY_BODY = YES;
				CLANG_WARN_ENUM_CONVERSION = YES;
				CLANG_WARN_INFINITE_RECURSION = YES;
				CLANG_WARN_INT_CONVERSION = YES;
				CLANG_WARN_NON_LITERAL_NULL_CONVERSION = YES;
				CLANG_WARN_OBJC_IMPLICIT_RETAIN_SELF = YES;
				CLANG_WARN_OBJC_LITERAL_CONVERSION = YES;
				CLANG_WARN_OBJC_ROOT_CLASS = YES_ERROR;
				CLANG_WARN_QUOTED_INCLUDE_IN_FRAMEWORK_HEADER = YES;
				CLANG_WARN_RANGE_LOOP_ANALYSIS = YES;
				CLANG_WARN_STRICT_PROTOTYPES = YES;
				CLANG_WARN_SUSPICIOUS_MOVE = YES;
				CLANG_WARN_UNGUARDED_AVAILABILITY = YES_AGGRESSIVE;
				CLANG_WARN_UNREACHABLE_CODE = YES;
				CLANG_WARN__DUPLICATE_METHOD_MATCH = YES;
				COPY_PHASE_STRIP = NO;
				DEBUG_INFORMATION_FORMAT = dwarf;
				ENABLE_STRICT_OBJC_MSGSEND = YES;
				ENABLE_TESTABILITY = YES;
				GCC_C_LANGUAGE_STANDARD = gnu11;
				GCC_DYNAMIC_NO_PIC = NO;
				GCC_NO_COMMON_BLOCKS = YES;
				GCC_OPTIMIZATION_LEVEL = 0;
				GCC_PREPROCESSOR_DEFINITIONS = (
					"DEBUG=1",
					"$(inherited)",
				);
				GCC_WARN_64_TO_32_BIT_CONVERSION = YES;
				GCC_WARN_ABOUT_RETURN_TYPE = YES_ERROR;
				GCC_WARN_UNDECLARED_SELECTOR = YES;
				GCC_WARN_UNINITIALIZED_AUTOS = YES_AGGRESSIVE;
				GCC_WARN_UNUSED_FUNCTION = YES;
				GCC_WARN_UNUSED_VARIABLE = YES;
				IPHONEOS_DEPLOYMENT_TARGET = 16.2;
				MTL_ENABLE_DEBUG_INFO = INCLUDE_SOURCE;
				MTL_FAST_MATH = YES;
				ONLY_ACTIVE_ARCH = YES;
				SDKROOT = iphoneos;
				SWIFT_ACTIVE_COMPILATION_CONDITIONS = DEBUG;
				SWIFT_OPTIMIZATION_LEVEL = "-Onone";
			};
			name = Debug;
		};
		80AC36F62A2202CA00864C88 /* Release */ = {
			isa = XCBuildConfiguration;
			buildSettings = {
				ALWAYS_SEARCH_USER_PATHS = NO;
				CLANG_ANALYZER_NONNULL = YES;
				CLANG_ANALYZER_NUMBER_OBJECT_CONVERSION = YES_AGGRESSIVE;
				CLANG_CXX_LANGUAGE_STANDARD = "gnu++20";
				CLANG_ENABLE_MODULES = YES;
				CLANG_ENABLE_OBJC_ARC = YES;
				CLANG_ENABLE_OBJC_WEAK = YES;
				CLANG_WARN_BLOCK_CAPTURE_AUTORELEASING = YES;
				CLANG_WARN_BOOL_CONVERSION = YES;
				CLANG_WARN_COMMA = YES;
				CLANG_WARN_CONSTANT_CONVERSION = YES;
				CLANG_WARN_DEPRECATED_OBJC_IMPLEMENTATIONS = YES;
				CLANG_WARN_DIRECT_OBJC_ISA_USAGE = YES_ERROR;
				CLANG_WARN_DOCUMENTATION_COMMENTS = YES;
				CLANG_WARN_EMPTY_BODY = YES;
				CLANG_WARN_ENUM_CONVERSION = YES;
				CLANG_WARN_INFINITE_RECURSION = YES;
				CLANG_WARN_INT_CONVERSION = YES;
				CLANG_WARN_NON_LITERAL_NULL_CONVERSION = YES;
				CLANG_WARN_OBJC_IMPLICIT_RETAIN_SELF = YES;
				CLANG_WARN_OBJC_LITERAL_CONVERSION = YES;
				CLANG_WARN_OBJC_ROOT_CLASS = YES_ERROR;
				CLANG_WARN_QUOTED_INCLUDE_IN_FRAMEWORK_HEADER = YES;
				CLANG_WARN_RANGE_LOOP_ANALYSIS = YES;
				CLANG_WARN_STRICT_PROTOTYPES = YES;
				CLANG_WARN_SUSPICIOUS_MOVE = YES;
				CLANG_WARN_UNGUARDED_AVAILABILITY = YES_AGGRESSIVE;
				CLANG_WARN_UNREACHABLE_CODE = YES;
				CLANG_WARN__DUPLICATE_METHOD_MATCH = YES;
				COPY_PHASE_STRIP = NO;
				DEBUG_INFORMATION_FORMAT = "dwarf-with-dsym";
				ENABLE_NS_ASSERTIONS = NO;
				ENABLE_STRICT_OBJC_MSGSEND = YES;
				GCC_C_LANGUAGE_STANDARD = gnu11;
				GCC_NO_COMMON_BLOCKS = YES;
				GCC_WARN_64_TO_32_BIT_CONVERSION = YES;
				GCC_WARN_ABOUT_RETURN_TYPE = YES_ERROR;
				GCC_WARN_UNDECLARED_SELECTOR = YES;
				GCC_WARN_UNINITIALIZED_AUTOS = YES_AGGRESSIVE;
				GCC_WARN_UNUSED_FUNCTION = YES;
				GCC_WARN_UNUSED_VARIABLE = YES;
				IPHONEOS_DEPLOYMENT_TARGET = 16.2;
				MTL_ENABLE_DEBUG_INFO = NO;
				MTL_FAST_MATH = YES;
				SDKROOT = iphoneos;
				SWIFT_COMPILATION_MODE = wholemodule;
				SWIFT_OPTIMIZATION_LEVEL = "-O";
				VALIDATE_PRODUCT = YES;
			};
			name = Release;
		};
		80AC36F82A2202CA00864C88 /* Debug */ = {
			isa = XCBuildConfiguration;
			baseConfigurationReference = 8EACD4962B92DF5ADB36A5B9 /* Pods-friendmap.debug.xcconfig */;
			buildSettings = {
				ASSETCATALOG_COMPILER_APPICON_NAME = AppIcon;
				ASSETCATALOG_COMPILER_GLOBAL_ACCENT_COLOR_NAME = AccentColor;
				CODE_SIGN_STYLE = Automatic;
				CURRENT_PROJECT_VERSION = 1;
				DEVELOPMENT_TEAM = 57KGRFU4Y3;
				GENERATE_INFOPLIST_FILE = YES;
				INFOPLIST_FILE = friendmap/Info.plist;
				INFOPLIST_KEY_NSCameraUsageDescription = "ルーム作成時に使用します。";
				INFOPLIST_KEY_NSLocationWhenInUseUsageDescription = "現在地を表示する為に使用します。";
				INFOPLIST_KEY_UIApplicationSupportsIndirectInputEvents = YES;
				INFOPLIST_KEY_UILaunchStoryboardName = LaunchScreen;
				INFOPLIST_KEY_UIMainStoryboardFile = Main;
				INFOPLIST_KEY_UISupportedInterfaceOrientations_iPad = "UIInterfaceOrientationPortrait UIInterfaceOrientationPortraitUpsideDown UIInterfaceOrientationLandscapeLeft UIInterfaceOrientationLandscapeRight";
				INFOPLIST_KEY_UISupportedInterfaceOrientations_iPhone = "UIInterfaceOrientationPortrait UIInterfaceOrientationLandscapeLeft UIInterfaceOrientationLandscapeRight";
				LD_RUNPATH_SEARCH_PATHS = (
					"$(inherited)",
					"@executable_path/Frameworks",
				);
				MARKETING_VERSION = 1.0;
				PRODUCT_BUNDLE_IDENTIFIER = app.namekawa.yurie.friendmap;
				PRODUCT_NAME = "$(TARGET_NAME)";
				SWIFT_EMIT_LOC_STRINGS = YES;
				SWIFT_VERSION = 5.0;
				TARGETED_DEVICE_FAMILY = "1,2";
			};
			name = Debug;
		};
		80AC36F92A2202CA00864C88 /* Release */ = {
			isa = XCBuildConfiguration;
			baseConfigurationReference = D2EB33133AAFB8FD8660D369 /* Pods-friendmap.release.xcconfig */;
			buildSettings = {
				ASSETCATALOG_COMPILER_APPICON_NAME = AppIcon;
				ASSETCATALOG_COMPILER_GLOBAL_ACCENT_COLOR_NAME = AccentColor;
				CODE_SIGN_STYLE = Automatic;
				CURRENT_PROJECT_VERSION = 1;
				DEVELOPMENT_TEAM = 57KGRFU4Y3;
				GENERATE_INFOPLIST_FILE = YES;
				INFOPLIST_FILE = friendmap/Info.plist;
				INFOPLIST_KEY_NSCameraUsageDescription = "ルーム作成時に使用します。";
				INFOPLIST_KEY_NSLocationWhenInUseUsageDescription = "現在地を表示する為に使用します。";
				INFOPLIST_KEY_UIApplicationSupportsIndirectInputEvents = YES;
				INFOPLIST_KEY_UILaunchStoryboardName = LaunchScreen;
				INFOPLIST_KEY_UIMainStoryboardFile = Main;
				INFOPLIST_KEY_UISupportedInterfaceOrientations_iPad = "UIInterfaceOrientationPortrait UIInterfaceOrientationPortraitUpsideDown UIInterfaceOrientationLandscapeLeft UIInterfaceOrientationLandscapeRight";
				INFOPLIST_KEY_UISupportedInterfaceOrientations_iPhone = "UIInterfaceOrientationPortrait UIInterfaceOrientationLandscapeLeft UIInterfaceOrientationLandscapeRight";
				LD_RUNPATH_SEARCH_PATHS = (
					"$(inherited)",
					"@executable_path/Frameworks",
				);
				MARKETING_VERSION = 1.0;
				PRODUCT_BUNDLE_IDENTIFIER = app.namekawa.yurie.friendmap;
				PRODUCT_NAME = "$(TARGET_NAME)";
				SWIFT_EMIT_LOC_STRINGS = YES;
				SWIFT_VERSION = 5.0;
				TARGETED_DEVICE_FAMILY = "1,2";
			};
			name = Release;
		};
/* End XCBuildConfiguration section */

/* Begin XCConfigurationList section */
		80AC36DE2A2202C500864C88 /* Build configuration list for PBXProject "friendmap" */ = {
			isa = XCConfigurationList;
			buildConfigurations = (
				80AC36F52A2202CA00864C88 /* Debug */,
				80AC36F62A2202CA00864C88 /* Release */,
			);
			defaultConfigurationIsVisible = 0;
			defaultConfigurationName = Release;
		};
		80AC36F72A2202CA00864C88 /* Build configuration list for PBXNativeTarget "friendmap" */ = {
			isa = XCConfigurationList;
			buildConfigurations = (
				80AC36F82A2202CA00864C88 /* Debug */,
				80AC36F92A2202CA00864C88 /* Release */,
			);
			defaultConfigurationIsVisible = 0;
			defaultConfigurationName = Release;
		};
/* End XCConfigurationList section */
	};
	rootObject = 80AC36DB2A2202C500864C88 /* Project object */;
}
